
Microsoft Visual Studio Solution File, Format Version 11.00
# Visual Studio 2010
Project("{FAE04EC0-301F-11D3-BF4B-00C04F79EFBC}") = "DAL", "DAL\DAL.csproj", "{EED6CEC4-D713-40E9-84B0-C778EB5662C9}"
	ProjectSection(ProjectDependencies) = postProject
		{9055A49A-812D-45BF-9308-84808C843A1D} = {9055A49A-812D-45BF-9308-84808C843A1D}
		{DC0B70AC-7AD9-4DB7-9F91-FD5070287BD1} = {DC0B70AC-7AD9-4DB7-9F91-FD5070287BD1}
	EndProjectSection
EndProject
Project("{FAE04EC0-301F-11D3-BF4B-00C04F79EFBC}") = "DBUtility", "DBUtility\DBUtility.csproj", "{9055A49A-812D-45BF-9308-84808C843A1D}"
EndProject
Project("{FAE04EC0-301F-11D3-BF4B-00C04F79EFBC}") = "BLL", "BLL\BLL.csproj", "{5EA74690-58A3-4792-B497-92F102B14D91}"
	ProjectSection(ProjectDependencies) = postProject
		{DC0B70AC-7AD9-4DB7-9F91-FD5070287BD1} = {DC0B70AC-7AD9-4DB7-9F91-FD5070287BD1}
		{EED6CEC4-D713-40E9-84B0-C778EB5662C9} = {EED6CEC4-D713-40E9-84B0-C778EB5662C9}
	EndProjectSection
EndProject
Project("{FAE04EC0-301F-11D3-BF4B-00C04F79EFBC}") = "Model", "Model\Model.csproj", "{DC0B70AC-7AD9-4DB7-9F91-FD5070287BD1}"
EndProject
Project("{FAE04EC0-301F-11D3-BF4B-00C04F79EFBC}") = "WindowsFormCase", "WindowsFormCase\WindowsFormCase.csproj", "{4385F1EB-0376-4D61-85EC-C884D97CD14B}"
	ProjectSection(ProjectDependencies) = postProject
		{5EA74690-58A3-4792-B497-92F102B14D91} = {5EA74690-58A3-4792-B497-92F102B14D91}
		{9055A49A-812D-45BF-9308-84808C843A1D} = {9055A49A-812D-45BF-9308-84808C843A1D}
		{DC0B70AC-7AD9-4DB7-9F91-FD5070287BD1} = {DC0B70AC-7AD9-4DB7-9F91-FD5070287BD1}
	EndProjectSection
EndProject
Project("{FAE04EC0-301F-11D3-BF4B-00C04F79EFBC}") = "test", "test\test.csproj", "{D57E4A2D-394E-49E2-B5A4-6180037461EE}"
EndProject
Project("{FAE04EC0-301F-11D3-BF4B-00C04F79EFBC}") = "TransferCarPlatform", "TransferCarPlatform\TransferCarPlatform.csproj", "{4A3997FA-E282-4215-B6FF-78D002B36BE9}"
EndProject
Project("{54435603-DBB4-11D2-8724-00A0C9A8B90C}") = "Setup1", "Setup1\Setup1.vdproj", "{8E24B8BC-BD04-4A2F-8730-E0454A85D9B7}"
EndProject
Global
	GlobalSection(SolutionConfigurationPlatforms) = preSolution
		Debug|Any CPU = Debug|Any CPU
		Debug|Mixed Platforms = Debug|Mixed Platforms
		Debug|x86 = Debug|x86
		Release|Any CPU = Release|Any CPU
		Release|Mixed Platforms = Release|Mixed Platforms
		Release|x86 = Release|x86
	EndGlobalSection
	GlobalSection(ProjectConfigurationPlatforms) = postSolution
		{EED6CEC4-D713-40E9-84B0-C778EB5662C9}.Debug|Any CPU.ActiveCfg = Debug|Any CPU
		{EED6CEC4-D713-40E9-84B0-C778EB5662C9}.Debug|Any CPU.Build.0 = Debug|Any CPU
		{EED6CEC4-D713-40E9-84B0-C778EB5662C9}.Debug|Mixed Platforms.ActiveCfg = Debug|Any CPU
		{EED6CEC4-D713-40E9-84B0-C778EB5662C9}.Debug|Mixed Platforms.Build.0 = Debug|Any CPU
		{EED6CEC4-D713-40E9-84B0-C778EB5662C9}.Debug|x86.ActiveCfg = Debug|Any CPU
		{EED6CEC4-D713-40E9-84B0-C778EB5662C9}.Release|Any CPU.ActiveCfg = Release|Any CPU
		{EED6CEC4-D713-40E9-84B0-C778EB5662C9}.Release|Any CPU.Build.0 = Release|Any CPU
		{EED6CEC4-D713-40E9-84B0-C778EB5662C9}.Release|Mixed Platforms.ActiveCfg = Release|Any CPU
		{EED6CEC4-D713-40E9-84B0-C778EB5662C9}.Release|Mixed Platforms.Build.0 = Release|Any CPU
		{EED6CEC4-D713-40E9-84B0-C778EB5662C9}.Release|x86.ActiveCfg = Release|Any CPU
		{9055A49A-812D-45BF-9308-84808C843A1D}.Debug|Any CPU.ActiveCfg = Debug|Any CPU
		{9055A49A-812D-45BF-9308-84808C843A1D}.Debug|Any CPU.Build.0 = Debug|Any CPU
		{9055A49A-812D-45BF-9308-84808C843A1D}.Debug|Mixed Platforms.ActiveCfg = Debug|Any CPU
		{9055A49A-812D-45BF-9308-84808C843A1D}.Debug|Mixed Platforms.Build.0 = Debug|Any CPU
		{9055A49A-812D-45BF-9308-84808C843A1D}.Debug|x86.ActiveCfg = Debug|Any CPU
		{9055A49A-812D-45BF-9308-84808C843A1D}.Release|Any CPU.ActiveCfg = Release|Any CPU
		{9055A49A-812D-45BF-9308-84808C843A1D}.Release|Any CPU.Build.0 = Release|Any CPU
		{9055A49A-812D-45BF-9308-84808C843A1D}.Release|Mixed Platforms.ActiveCfg = Release|Any CPU
		{9055A49A-812D-45BF-9308-84808C843A1D}.Release|Mixed Platforms.Build.0 = Release|Any CPU
		{9055A49A-812D-45BF-9308-84808C843A1D}.Release|x86.ActiveCfg = Release|Any CPU
		{5EA74690-58A3-4792-B497-92F102B14D91}.Debug|Any CPU.ActiveCfg = Debug|Any CPU
		{5EA74690-58A3-4792-B497-92F102B14D91}.Debug|Any CPU.Build.0 = Debug|Any CPU
		{5EA74690-58A3-4792-B497-92F102B14D91}.Debug|Mixed Platforms.ActiveCfg = Debug|Any CPU
		{5EA74690-58A3-4792-B497-92F102B14D91}.Debug|Mixed Platforms.Build.0 = Debug|Any CPU
		{5EA74690-58A3-4792-B497-92F102B14D91}.Debug|x86.ActiveCfg = Debug|Any CPU
		{5EA74690-58A3-4792-B497-92F102B14D91}.Release|Any CPU.ActiveCfg = Release|Any CPU
		{5EA74690-58A3-4792-B497-92F102B14D91}.Release|Any CPU.Build.0 = Release|Any CPU
		{5EA74690-58A3-4792-B497-92F102B14D91}.Release|Mixed Platforms.ActiveCfg = Release|Any CPU
		{5EA74690-58A3-4792-B497-92F102B14D91}.Release|Mixed Platforms.Build.0 = Release|Any CPU
		{5EA74690-58A3-4792-B497-92F102B14D91}.Release|x86.ActiveCfg = Release|Any CPU
		{DC0B70AC-7AD9-4DB7-9F91-FD5070287BD1}.Debug|Any CPU.ActiveCfg = Debug|Any CPU
		{DC0B70AC-7AD9-4DB7-9F91-FD5070287BD1}.Debug|Any CPU.Build.0 = Debug|Any CPU
		{DC0B70AC-7AD9-4DB7-9F91-FD5070287BD1}.Debug|Mixed Platforms.ActiveCfg = Debug|Any CPU
		{DC0B70AC-7AD9-4DB7-9F91-FD5070287BD1}.Debug|Mixed Platforms.Build.0 = Debug|Any CPU
		{DC0B70AC-7AD9-4DB7-9F91-FD5070287BD1}.Debug|x86.ActiveCfg = Debug|Any CPU
		{DC0B70AC-7AD9-4DB7-9F91-FD5070287BD1}.Release|Any CPU.ActiveCfg = Release|Any CPU
		{DC0B70AC-7AD9-4DB7-9F91-FD5070287BD1}.Release|Any CPU.Build.0 = Release|Any CPU
		{DC0B70AC-7AD9-4DB7-9F91-FD5070287BD1}.Release|Mixed Platforms.ActiveCfg = Release|Any CPU
		{DC0B70AC-7AD9-4DB7-9F91-FD5070287BD1}.Release|Mixed Platforms.Build.0 = Release|Any CPU
		{DC0B70AC-7AD9-4DB7-9F91-FD5070287BD1}.Release|x86.ActiveCfg = Release|Any CPU
		{4385F1EB-0376-4D61-85EC-C884D97CD14B}.Debug|Any CPU.ActiveCfg = Debug|Any CPU
		{4385F1EB-0376-4D61-85EC-C884D97CD14B}.Debug|Any CPU.Build.0 = Debug|Any CPU
		{4385F1EB-0376-4D61-85EC-C884D97CD14B}.Debug|Mixed Platforms.ActiveCfg = Debug|Any CPU
		{4385F1EB-0376-4D61-85EC-C884D97CD14B}.Debug|Mixed Platforms.Build.0 = Debug|Any CPU
		{4385F1EB-0376-4D61-85EC-C884D97CD14B}.Debug|x86.ActiveCfg = Debug|Any CPU
		{4385F1EB-0376-4D61-85EC-C884D97CD14B}.Release|Any CPU.ActiveCfg = Release|Any CPU
		{4385F1EB-0376-4D61-85EC-C884D97CD14B}.Release|Any CPU.Build.0 = Release|Any CPU
		{4385F1EB-0376-4D61-85EC-C884D97CD14B}.Release|Mixed Platforms.ActiveCfg = Release|Any CPU
		{4385F1EB-0376-4D61-85EC-C884D97CD14B}.Release|Mixed Platforms.Build.0 = Release|Any CPU
		{4385F1EB-0376-4D61-85EC-C884D97CD14B}.Release|x86.ActiveCfg = Release|Any CPU
		{D57E4A2D-394E-49E2-B5A4-6180037461EE}.Debug|Any CPU.ActiveCfg = Debug|x86
		{D57E4A2D-394E-49E2-B5A4-6180037461EE}.Debug|Mixed Platforms.ActiveCfg = Debug|x86
		{D57E4A2D-394E-49E2-B5A4-6180037461EE}.Debug|Mixed Platforms.Build.0 = Debug|x86
		{D57E4A2D-394E-49E2-B5A4-6180037461EE}.Debug|x86.ActiveCfg = Debug|x86
		{D57E4A2D-394E-49E2-B5A4-6180037461EE}.Debug|x86.Build.0 = Debug|x86
		{D57E4A2D-394E-49E2-B5A4-6180037461EE}.Release|Any CPU.ActiveCfg = Release|x86
		{D57E4A2D-394E-49E2-B5A4-6180037461EE}.Release|Mixed Platforms.ActiveCfg = Release|x86
		{D57E4A2D-394E-49E2-B5A4-6180037461EE}.Release|Mixed Platforms.Build.0 = Release|x86
		{D57E4A2D-394E-49E2-B5A4-6180037461EE}.Release|x86.ActiveCfg = Release|x86
		{D57E4A2D-394E-49E2-B5A4-6180037461EE}.Release|x86.Build.0 = Release|x86
		{4A3997FA-E282-4215-B6FF-78D002B36BE9}.Debug|Any CPU.ActiveCfg = Debug|x86
		{4A3997FA-E282-4215-B6FF-78D002B36BE9}.Debug|Mixed Platforms.ActiveCfg = Debug|x86
		{4A3997FA-E282-4215-B6FF-78D002B36BE9}.Debug|Mixed Platforms.Build.0 = Debug|x86
		{4A3997FA-E282-4215-B6FF-78D002B36BE9}.Debug|x86.ActiveCfg = Debug|x86
		{4A3997FA-E282-4215-B6FF-78D002B36BE9}.Debug|x86.Build.0 = Debug|x86
		{4A3997FA-E282-4215-B6FF-78D002B36BE9}.Release|Any CPU.ActiveCfg = Release|x86
		{4A3997FA-E282-4215-B6FF-78D002B36BE9}.Release|Mixed Platforms.ActiveCfg = Release|x86
		{4A3997FA-E282-4215-B6FF-78D002B36BE9}.Release|Mixed Platforms.Build.0 = Release|x86
		{4A3997FA-E282-4215-B6FF-78D002B36BE9}.Release|x86.ActiveCfg = Release|x86
		{4A3997FA-E282-4215-B6FF-78D002B36BE9}.Release|x86.Build.0 = Release|x86
		{8E24B8BC-BD04-4A2F-8730-E0454A85D9B7}.Debug|Any CPU.ActiveCfg = Debug
		{8E24B8BC-BD04-4A2F-8730-E0454A85D9B7}.Debug|Mixed Platforms.ActiveCfg = Debug
		{8E24B8BC-BD04-4A2F-8730-E0454A85D9B7}.Debug|x86.ActiveCfg = Debug
		{8E24B8BC-BD04-4A2F-8730-E0454A85D9B7}.Release|Any CPU.ActiveCfg = Release
		{8E24B8BC-BD04-4A2F-8730-E0454A85D9B7}.Release|Mixed Platforms.ActiveCfg = Release
		{8E24B8BC-BD04-4A2F-8730-E0454A85D9B7}.Release|x86.ActiveCfg = Release
	EndGlobalSection
	GlobalSection(SolutionProperties) = preSolution
		HideSolutionNode = FALSE
	EndGlobalSection
EndGlobal
